
Microsoft Visual Studio Solution File, Format Version 12.00
# Visual Studio Version 16
VisualStudioVersion = 16.0.29503.13
MinimumVisualStudioVersion = 10.0.40219.1
Project("{FAE04EC0-301F-11D3-BF4B-00C04F79EFBC}") = "LBGDBTest", "WindowsFormsApp8\LBGDBTest.csproj", "{27A937ED-1942-4FCF-AF78-DC0F1C648F80}"
EndProject
Project("{FAE04EC0-301F-11D3-BF4B-00C04F79EFBC}") = "LBGDBMetadata", "LBGDBMetadata\LBGDBMetadata.csproj", "{0950409B-A33A-4052-975A-3C1F46AA2BB6}"
EndProject
Global
	GlobalSection(SolutionConfigurationPlatforms) = preSolution
		Debug|Any CPU = Debug|Any CPU
		Release|Any CPU = Release|Any CPU
	EndGlobalSection
	GlobalSection(ProjectConfigurationPlatforms) = postSolution
		{27A937ED-1942-4FCF-AF78-DC0F1C648F80}.Debug|Any CPU.ActiveCfg = Debug|Any CPU
		{27A937ED-1942-4FCF-AF78-DC0F1C648F80}.Debug|Any CPU.Build.0 = Debug|Any CPU
		{27A937ED-1942-4FCF-AF78-DC0F1C648F80}.Release|Any CPU.ActiveCfg = Release|Any CPU
		{27A937ED-1942-4FCF-AF78-DC0F1C648F80}.Release|Any CPU.Build.0 = Release|Any CPU
		{0950409B-A33A-4052-975A-3C1F46AA2BB6}.Debug|Any CPU.ActiveCfg = Debug|Any CPU
		{0950409B-A33A-4052-975A-3C1F46AA2BB6}.Debug|Any CPU.Build.0 = Debug|Any CPU
		{0950409B-A33A-4052-975A-3C1F46AA2BB6}.Release|Any CPU.ActiveCfg = Release|Any CPU
		{0950409B-A33A-4052-975A-3C1F46AA2BB6}.Release|Any CPU.Build.0 = Release|Any CPU
	EndGlobalSection
	GlobalSection(SolutionProperties) = preSolution
		HideSolutionNode = FALSE
	EndGlobalSection
	GlobalSection(ExtensibilityGlobals) = postSolution
		SolutionGuid = {8F1516B1-D88E-47F0-821B-3CEB6C68F943}
	EndGlobalSection
EndGlobal
